
Microsoft Visual Studio Solution File, Format Version 12.00
# Visual Studio Version 17
VisualStudioVersion = 17.3.32819.101
MinimumVisualStudioVersion = 10.0.40219.1
Project("{FAE04EC0-301F-11D3-BF4B-00C04F79EFBC}") = "MyHotel", "MyHotel\MyHotel.csproj", "{F49E1907-1F7A-41CF-8A18-28E441F9EFDC}"
EndProject
Global
	GlobalSection(SolutionConfigurationPlatforms) = preSolution
		Debug|Any CPU = Debug|Any CPU
		Release|Any CPU = Release|Any CPU
	EndGlobalSection
	GlobalSection(ProjectConfigurationPlatforms) = postSolution
		{F49E1907-1F7A-41CF-8A18-28E441F9EFDC}.Debug|Any CPU.ActiveCfg = Debug|Any CPU
		{F49E1907-1F7A-41CF-8A18-28E441F9EFDC}.Debug|Any CPU.Build.0 = Debug|Any CPU
		{F49E1907-1F7A-41CF-8A18-28E441F9EFDC}.Release|Any CPU.ActiveCfg = Release|Any CPU
		{F49E1907-1F7A-41CF-8A18-28E441F9EFDC}.Release|Any CPU.Build.0 = Release|Any CPU
	EndGlobalSection
	GlobalSection(SolutionProperties) = preSolution
		HideSolutionNode = FALSE
	EndGlobalSection
	GlobalSection(ExtensibilityGlobals) = postSolution
		SolutionGuid = {D9C6ACD4-E05B-4631-8030-F1BAA570D312}
	EndGlobalSection
EndGlobal
